
Microsoft Visual Studio Solution File, Format Version 12.00
# Visual Studio Version 16
VisualStudioVersion = 16.0.28922.388
MinimumVisualStudioVersion = 10.0.40219.1
Project("{FAE04EC0-301F-11D3-BF4B-00C04F79EFBC}") = "Chat_WPF_Client", "Chat_WPF\Chat_WPF_Client.csproj", "{A5F9B9CA-BD2E-4EED-A3BD-DA825B7FD2F7}"
EndProject
Project("{FAE04EC0-301F-11D3-BF4B-00C04F79EFBC}") = "Chat_SERVEUR", "Chat_SERVEUR\Chat_SERVEUR.csproj", "{FE319B43-CC8F-4865-A168-B73A3E2231CD}"
EndProject
Global
	GlobalSection(SolutionConfigurationPlatforms) = preSolution
		Debug|Any CPU = Debug|Any CPU
		Release|Any CPU = Release|Any CPU
	EndGlobalSection
	GlobalSection(ProjectConfigurationPlatforms) = postSolution
		{A5F9B9CA-BD2E-4EED-A3BD-DA825B7FD2F7}.Debug|Any CPU.ActiveCfg = Debug|Any CPU
		{A5F9B9CA-BD2E-4EED-A3BD-DA825B7FD2F7}.Debug|Any CPU.Build.0 = Debug|Any CPU
		{A5F9B9CA-BD2E-4EED-A3BD-DA825B7FD2F7}.Release|Any CPU.ActiveCfg = Release|Any CPU
		{A5F9B9CA-BD2E-4EED-A3BD-DA825B7FD2F7}.Release|Any CPU.Build.0 = Release|Any CPU
		{FE319B43-CC8F-4865-A168-B73A3E2231CD}.Debug|Any CPU.ActiveCfg = Debug|Any CPU
		{FE319B43-CC8F-4865-A168-B73A3E2231CD}.Debug|Any CPU.Build.0 = Debug|Any CPU
		{FE319B43-CC8F-4865-A168-B73A3E2231CD}.Release|Any CPU.ActiveCfg = Release|Any CPU
		{FE319B43-CC8F-4865-A168-B73A3E2231CD}.Release|Any CPU.Build.0 = Release|Any CPU
	EndGlobalSection
	GlobalSection(SolutionProperties) = preSolution
		HideSolutionNode = FALSE
	EndGlobalSection
	GlobalSection(ExtensibilityGlobals) = postSolution
		SolutionGuid = {2151E544-9EF0-48E9-BE6A-C92F3DECB332}
	EndGlobalSection
EndGlobal
